{
  "name": "callmydouble",
  "version": "0.1.1",
  "dependencies": {
    "express": {
      "version": "3.4.6",
      "from": "express@3.4.6",
      "dependencies": {
        "connect": {
          "version": "2.11.2",
          "from": "connect@2.11.2",
          "dependencies": {
            "qs": {
              "version": "0.6.5",
              "from": "qs@0.6.5"
            },
            "bytes": {
              "version": "0.2.1",
              "from": "bytes@0.2.1"
            },
            "pause": {
              "version": "0.0.1",
              "from": "pause@0.0.1"
            },
            "uid2": {
              "version": "0.0.3",
              "from": "uid2@0.0.3"
            },
            "raw-body": {
              "version": "1.1.2",
              "from": "raw-body@1.1.2"
            },
            "negotiator": {
              "version": "0.3.0",
              "from": "negotiator@0.3.0"
            },
            "multiparty": {
              "version": "2.2.0",
              "from": "multiparty@2.2.0",
              "dependencies": {
                "readable-stream": {
                  "version": "1.1.9",
                  "from": "readable-stream@1.1.9",
                  "dependencies": {
                    "core-util-is": {
                      "version": "1.0.0",
                      "from": "core-util-is@1.0.0"
                    },
                    "debuglog": {
                      "version": "0.0.2",
                      "from": "debuglog@0.0.2"
                    }
                  }
                },
                "stream-counter": {
                  "version": "0.2.0",
                  "from": "stream-counter@0.2.0"
                }
              }
            }
          }
        },
        "commander": {
          "version": "1.3.2",
          "from": "commander@1.3.2",
          "dependencies": {
            "keypress": {
              "version": "0.1.0",
              "from": "keypress@0.1.0"
            }
          }
        },
        "range-parser": {
          "version": "0.0.4",
          "from": "range-parser@0.0.4"
        },
        "mkdirp": {
          "version": "0.3.5",
          "from": "mkdirp@0.3.5"
        },
        "cookie": {
          "version": "0.1.0",
          "from": "cookie@0.1.0"
        },
        "buffer-crc32": {
          "version": "0.2.1",
          "from": "buffer-crc32@0.2.1"
        },
        "fresh": {
          "version": "0.2.0",
          "from": "fresh@0.2.0"
        },
        "methods": {
          "version": "0.1.0",
          "from": "methods@0.1.0"
        },
        "send": {
          "version": "0.1.4",
          "from": "send@0.1.4",
          "dependencies": {
            "mime": {
              "version": "1.2.11",
              "from": "mime@1.2.11"
            }
          }
        },
        "cookie-signature": {
          "version": "1.0.1",
          "from": "cookie-signature@1.0.1"
        }
      }
    },
    "once": {
      "version": "1.3.0",
      "from": "once@1.3.0",
      "resolved": "http://registry.npmjs.org/once/-/once-1.3.0.tgz"
    },
    "debug": {
      "version": "0.7.4",
      "from": "debug@0.7.4"
    },
    "superagent": {
      "version": "0.15.7",
      "from": "superagent@0.15.7",
      "dependencies": {
        "qs": {
          "version": "0.6.5",
          "from": "qs@0.6.5"
        },
        "formidable": {
          "version": "1.0.14",
          "from": "formidable@1.0.14"
        },
        "mime": {
          "version": "1.2.5",
          "from": "mime@1.2.5"
        },
        "emitter-component": {
          "version": "1.0.0",
          "from": "emitter-component@1.0.0"
        },
        "methods": {
          "version": "0.0.1",
          "from": "methods@0.0.1"
        },
        "cookiejar": {
          "version": "1.3.0",
          "from": "cookiejar@1.3.0"
        },
        "reduce-component": {
          "version": "1.0.1",
          "from": "reduce-component@1.0.1"
        }
      }
    },
    "commander": {
      "version": "2.1.0",
      "from": "https://registry.npmjs.org/commander/-/commander-2.1.0.tgz",
      "resolved": "https://registry.npmjs.org/commander/-/commander-2.1.0.tgz"
    },
    "socket.io": {
      "version": "0.9.16",
      "from": "https://registry.npmjs.org/socket.io/-/socket.io-0.9.16.tgz",
      "resolved": "https://registry.npmjs.org/socket.io/-/socket.io-0.9.16.tgz",
      "dependencies": {
        "policyfile": {
          "version": "0.0.4",
          "from": "https://registry.npmjs.org/policyfile/-/policyfile-0.0.4.tgz",
          "resolved": "https://registry.npmjs.org/policyfile/-/policyfile-0.0.4.tgz"
        },
        "base64id": {
          "version": "0.1.0",
          "from": "https://registry.npmjs.org/base64id/-/base64id-0.1.0.tgz",
          "resolved": "https://registry.npmjs.org/base64id/-/base64id-0.1.0.tgz"
        },
        "redis": {
          "version": "0.7.3",
          "from": "https://registry.npmjs.org/redis/-/redis-0.7.3.tgz",
          "resolved": "https://registry.npmjs.org/redis/-/redis-0.7.3.tgz"
        }
      }
    },
    "socket.io-client": {
      "version": "0.9.16",
      "from": "socket.io-client@0.9.16",
      "dependencies": {
        "uglify-js": {
          "version": "1.2.5",
          "from": "uglify-js@1.2.5",
          "resolved": "http://registry.npmjs.org/uglify-js/-/uglify-js-1.2.5.tgz"
        },
        "ws": {
          "version": "0.4.31",
          "from": "ws@0.4.31",
          "dependencies": {
            "commander": {
              "version": "0.6.1",
              "from": "commander@0.6.1"
            },
            "nan": {
              "version": "0.3.2",
              "from": "nan@0.3.2"
            },
            "tinycolor": {
              "version": "0.0.1",
              "from": "tinycolor@0.0.1"
            },
            "options": {
              "version": "0.0.5",
              "from": "options@0.0.5"
            }
          }
        },
        "xmlhttprequest": {
          "version": "1.4.2",
          "from": "xmlhttprequest@1.4.2",
          "resolved": "http://registry.npmjs.org/xmlhttprequest/-/xmlhttprequest-1.4.2.tgz"
        },
        "active-x-obfuscator": {
          "version": "0.0.1",
          "from": "active-x-obfuscator@0.0.1",
          "resolved": "http://registry.npmjs.org/active-x-obfuscator/-/active-x-obfuscator-0.0.1.tgz",
          "dependencies": {
            "zeparser": {
              "version": "0.0.5",
              "from": "zeparser@0.0.5",
              "resolved": "http://registry.npmjs.org/zeparser/-/zeparser-0.0.5.tgz"
            }
          }
        }
      }
    },
    "redis": {
      "version": "0.9.1",
      "from": "https://registry.npmjs.org/redis/-/redis-0.9.1.tgz",
      "resolved": "https://registry.npmjs.org/redis/-/redis-0.9.1.tgz"
    },
    "uuid": {
      "version": "1.4.1",
      "from": "https://registry.npmjs.org/uuid/-/uuid-1.4.1.tgz",
      "resolved": "https://registry.npmjs.org/uuid/-/uuid-1.4.1.tgz"
    },
    "colors": {
      "version": "0.6.2",
      "from": "colors@"
    }
  }
}
